// !$*UTF8*$!
{
	archiveVersion = 1;
	classes = {
	};
	objectVersion = 50;
	objects = {

/* Begin PBXBuildFile section */
		DF61A4AE253E9BB800A76621 /* PhotoViewerApp.swift in Sources */ = {isa = PBXBuildFile; fileRef = DF61A4AD253E9BB800A76621 /* PhotoViewerApp.swift */; };
		DF61A4B0253E9BB800A76621 /* ContentView.swift in Sources */ = {isa = PBXBuildFile; fileRef = DF61A4AF253E9BB800A76621 /* ContentView.swift */; };
		DF61A4B2253E9BBA00A76621 /* Assets.xcassets in Resources */ = {isa = PBXBuildFile; fileRef = DF61A4B1253E9BBA00A76621 /* Assets.xcassets */; };
		DF61A4B5253E9BBA00A76621 /* Preview Assets.xcassets in Resources */ = {isa = PBXBuildFile; fileRef = DF61A4B4253E9BBA00A76621 /* Preview Assets.xcassets */; };
		DF61A4BF253E9DEE00A76621 /* PageView.swift in Sources */ = {isa = PBXBuildFile; fileRef = DF61A4BE253E9DEE00A76621 /* PageView.swift */; };
		DF61A4C3253E9E2500A76621 /* PageControl.swift in Sources */ = {isa = PBXBuildFile; fileRef = DF61A4C2253E9E2500A76621 /* PageControl.swift */; };
		DF61A4C6253E9E4300A76621 /* PageViewController.swift in Sources */ = {isa = PBXBuildFile; fileRef = DF61A4C5253E9E4300A76621 /* PageViewController.swift */; };
		DF61A4CA253E9ECC00A76621 /* PhotoView.swift in Sources */ = {isa = PBXBuildFile; fileRef = DF61A4C9253E9ECC00A76621 /* PhotoView.swift */; };
		DF61A4D1253EA12F00A76621 /* Kingfishers.swift in Sources */ = {isa = PBXBuildFile; fileRef = DF61A4D0253EA12F00A76621 /* Kingfishers.swift */; };
		DF61A4EC253EA9B300A76621 /* WidgetKit.framework in Frameworks */ = {isa = PBXBuildFile; fileRef = DF61A4EB253EA9B300A76621 /* WidgetKit.framework */; };
		DF61A4EE253EA9B300A76621 /* SwiftUI.framework in Frameworks */ = {isa = PBXBuildFile; fileRef = DF61A4ED253EA9B300A76621 /* SwiftUI.framework */; };
		DF61A4F1253EA9B400A76621 /* PhotoPreviewer.swift in Sources */ = {isa = PBXBuildFile; fileRef = DF61A4F0253EA9B400A76621 /* PhotoPreviewer.swift */; };
		DF61A4F4253EA9B500A76621 /* Assets.xcassets in Resources */ = {isa = PBXBuildFile; fileRef = DF61A4F3253EA9B500A76621 /* Assets.xcassets */; };
		DF61A4FA253EA9B500A76621 /* PhotoPreviewerExtension.appex in Embed App Extensions */ = {isa = PBXBuildFile; fileRef = DF61A4E9253EA9B300A76621 /* PhotoPreviewerExtension.appex */; settings = {ATTRIBUTES = (RemoveHeadersOnCopy, ); }; };
		DF61A501253EAB7900A76621 /* PageView.swift in Sources */ = {isa = PBXBuildFile; fileRef = DF61A4BE253E9DEE00A76621 /* PageView.swift */; };
		DF61A507253EABE800A76621 /* PageControl.swift in Sources */ = {isa = PBXBuildFile; fileRef = DF61A4C2253E9E2500A76621 /* PageControl.swift */; };
		DF61A50A253EABEA00A76621 /* PageViewController.swift in Sources */ = {isa = PBXBuildFile; fileRef = DF61A4C5253E9E4300A76621 /* PageViewController.swift */; };
		DF61A50E253EAC0F00A76621 /* URLImageView.swift in Sources */ = {isa = PBXBuildFile; fileRef = DF61A50D253EAC0F00A76621 /* URLImageView.swift */; };
		DF61A511253EAC1700A76621 /* URLImageView.swift in Sources */ = {isa = PBXBuildFile; fileRef = DF61A50D253EAC0F00A76621 /* URLImageView.swift */; };
		DF61A514253EAC2100A76621 /* Kingfishers.swift in Sources */ = {isa = PBXBuildFile; fileRef = DF61A4D0253EA12F00A76621 /* Kingfishers.swift */; };
		DFF3FE79254F7D8C0034B6C1 /* PhotoSelection.intentdefinition in Sources */ = {isa = PBXBuildFile; fileRef = DFF3FE6B254EF1790034B6C1 /* PhotoSelection.intentdefinition */; };
		DFF95210254EE26900A082D6 /* PhotoView.swift in Sources */ = {isa = PBXBuildFile; fileRef = DF61A4C9253E9ECC00A76621 /* PhotoView.swift */; };
/* End PBXBuildFile section */

/* Begin PBXContainerItemProxy section */
		DF61A4F8253EA9B500A76621 /* PBXContainerItemProxy */ = {
			isa = PBXContainerItemProxy;
			containerPortal = DF61A4A2253E9BB800A76621 /* Project object */;
			proxyType = 1;
			remoteGlobalIDString = DF61A4E8253EA9B300A76621;
			remoteInfo = PhotoPreviewerExtension;
		};
/* End PBXContainerItemProxy section */

/* Begin PBXCopyFilesBuildPhase section */
		DF61A4FE253EA9B500A76621 /* Embed App Extensions */ = {
			isa = PBXCopyFilesBuildPhase;
			buildActionMask = 2147483647;
			dstPath = "";
			dstSubfolderSpec = 13;
			files = (
				DF61A4FA253EA9B500A76621 /* PhotoPreviewerExtension.appex in Embed App Extensions */,
			);
			name = "Embed App Extensions";
			runOnlyForDeploymentPostprocessing = 0;
		};
/* End PBXCopyFilesBuildPhase section */

/* Begin PBXFileReference section */
		DF61A4AA253E9BB800A76621 /* PhotoViewer.app */ = {isa = PBXFileReference; explicitFileType = wrapper.application; includeInIndex = 0; path = PhotoViewer.app; sourceTree = BUILT_PRODUCTS_DIR; };
		DF61A4AD253E9BB800A76621 /* PhotoViewerApp.swift */ = {isa = PBXFileReference; lastKnownFileType = sourcecode.swift; path = PhotoViewerApp.swift; sourceTree = "<group>"; };
		DF61A4AF253E9BB800A76621 /* ContentView.swift */ = {isa = PBXFileReference; lastKnownFileType = sourcecode.swift; path = ContentView.swift; sourceTree = "<group>"; };
		DF61A4B1253E9BBA00A76621 /* Assets.xcassets */ = {isa = PBXFileReference; lastKnownFileType = folder.assetcatalog; path = Assets.xcassets; sourceTree = "<group>"; };
		DF61A4B4253E9BBA00A76621 /* Preview Assets.xcassets */ = {isa = PBXFileReference; lastKnownFileType = folder.assetcatalog; path = "Preview Assets.xcassets"; sourceTree = "<group>"; };
		DF61A4B6253E9BBA00A76621 /* Info.plist */ = {isa = PBXFileReference; lastKnownFileType = text.plist.xml; path = Info.plist; sourceTree = "<group>"; };
		DF61A4BE253E9DEE00A76621 /* PageView.swift */ = {isa = PBXFileReference; lastKnownFileType = sourcecode.swift; path = PageView.swift; sourceTree = "<group>"; };
		DF61A4C2253E9E2500A76621 /* PageControl.swift */ = {isa = PBXFileReference; lastKnownFileType = sourcecode.swift; path = PageControl.swift; sourceTree = "<group>"; };
		DF61A4C5253E9E4300A76621 /* PageViewController.swift */ = {isa = PBXFileReference; lastKnownFileType = sourcecode.swift; path = PageViewController.swift; sourceTree = "<group>"; };
		DF61A4C9253E9ECC00A76621 /* PhotoView.swift */ = {isa = PBXFileReference; lastKnownFileType = sourcecode.swift; path = PhotoView.swift; sourceTree = "<group>"; };
		DF61A4D0253EA12F00A76621 /* Kingfishers.swift */ = {isa = PBXFileReference; lastKnownFileType = sourcecode.swift; name = Kingfishers.swift; path = PhotoViewer/PageView/Kingfishers.swift; sourceTree = SOURCE_ROOT; };
		DF61A4E9253EA9B300A76621 /* PhotoPreviewerExtension.appex */ = {isa = PBXFileReference; explicitFileType = "wrapper.app-extension"; includeInIndex = 0; path = PhotoPreviewerExtension.appex; sourceTree = BUILT_PRODUCTS_DIR; };
		DF61A4EB253EA9B300A76621 /* WidgetKit.framework */ = {isa = PBXFileReference; lastKnownFileType = wrapper.framework; name = WidgetKit.framework; path = System/Library/Frameworks/WidgetKit.framework; sourceTree = SDKROOT; };
		DF61A4ED253EA9B300A76621 /* SwiftUI.framework */ = {isa = PBXFileReference; lastKnownFileType = wrapper.framework; name = SwiftUI.framework; path = System/Library/Frameworks/SwiftUI.framework; sourceTree = SDKROOT; };
		DF61A4F0253EA9B400A76621 /* PhotoPreviewer.swift */ = {isa = PBXFileReference; lastKnownFileType = sourcecode.swift; path = PhotoPreviewer.swift; sourceTree = "<group>"; };
		DF61A4F3253EA9B500A76621 /* Assets.xcassets */ = {isa = PBXFileReference; lastKnownFileType = folder.assetcatalog; path = Assets.xcassets; sourceTree = "<group>"; };
		DF61A4F5253EA9B500A76621 /* Info.plist */ = {isa = PBXFileReference; lastKnownFileType = text.plist.xml; path = Info.plist; sourceTree = "<group>"; };
		DF61A50D253EAC0F00A76621 /* URLImageView.swift */ = {isa = PBXFileReference; lastKnownFileType = sourcecode.swift; path = URLImageView.swift; sourceTree = "<group>"; };
		DFF3FE6B254EF1790034B6C1 /* PhotoSelection.intentdefinition */ = {isa = PBXFileReference; lastKnownFileType = file.intentdefinition; path = PhotoSelection.intentdefinition; sourceTree = "<group>"; };
		DFF95213254EE32C00A082D6 /* PhotoViewer.entitlements */ = {isa = PBXFileReference; lastKnownFileType = text.plist.entitlements; path = PhotoViewer.entitlements; sourceTree = "<group>"; };
		DFF95218254EE37A00A082D6 /* PhotoPreviewerExtension.entitlements */ = {isa = PBXFileReference; lastKnownFileType = text.plist.entitlements; path = PhotoPreviewerExtension.entitlements; sourceTree = "<group>"; };
/* End PBXFileReference section */

/* Begin PBXFrameworksBuildPhase section */
		DF61A4A7253E9BB800A76621 /* Frameworks */ = {
			isa = PBXFrameworksBuildPhase;
			buildActionMask = 2147483647;
			files = (
			);
			runOnlyForDeploymentPostprocessing = 0;
		};
		DF61A4E6253EA9B300A76621 /* Frameworks */ = {
			isa = PBXFrameworksBuildPhase;
			buildActionMask = 2147483647;
			files = (
				DF61A4EE253EA9B300A76621 /* SwiftUI.framework in Frameworks */,
				DF61A4EC253EA9B300A76621 /* WidgetKit.framework in Frameworks */,
			);
			runOnlyForDeploymentPostprocessing = 0;
		};
/* End PBXFrameworksBuildPhase section */

/* Begin PBXGroup section */
		DF61A4A1253E9BB800A76621 = {
			isa = PBXGroup;
			children = (
				DFF95218254EE37A00A082D6 /* PhotoPreviewerExtension.entitlements */,
				DF61A4AC253E9BB800A76621 /* PhotoViewer */,
				DF61A4EF253EA9B400A76621 /* PhotoPreviewer */,
				DF61A4EA253EA9B300A76621 /* Frameworks */,
				DF61A4AB253E9BB800A76621 /* Products */,
			);
			sourceTree = "<group>";
		};
		DF61A4AB253E9BB800A76621 /* Products */ = {
			isa = PBXGroup;
			children = (
				DF61A4AA253E9BB800A76621 /* PhotoViewer.app */,
				DF61A4E9253EA9B300A76621 /* PhotoPreviewerExtension.appex */,
			);
			name = Products;
			sourceTree = "<group>";
		};
		DF61A4AC253E9BB800A76621 /* PhotoViewer */ = {
			isa = PBXGroup;
			children = (
				DFF95213254EE32C00A082D6 /* PhotoViewer.entitlements */,
				DF61A4CF253EA11C00A76621 /* Data */,
				DF61A4BD253E9DD200A76621 /* PageView */,
				DF61A50D253EAC0F00A76621 /* URLImageView.swift */,
				DF61A4C9253E9ECC00A76621 /* PhotoView.swift */,
				DF61A4AF253E9BB800A76621 /* ContentView.swift */,
				DF61A4AD253E9BB800A76621 /* PhotoViewerApp.swift */,
				DF61A4B1253E9BBA00A76621 /* Assets.xcassets */,
				DF61A4B6253E9BBA00A76621 /* Info.plist */,
				DF61A4B3253E9BBA00A76621 /* Preview Content */,
			);
			path = PhotoViewer;
			sourceTree = "<group>";
		};
		DF61A4B3253E9BBA00A76621 /* Preview Content */ = {
			isa = PBXGroup;
			children = (
				DF61A4B4253E9BBA00A76621 /* Preview Assets.xcassets */,
			);
			path = "Preview Content";
			sourceTree = "<group>";
		};
		DF61A4BD253E9DD200A76621 /* PageView */ = {
			isa = PBXGroup;
			children = (
				DF61A4BE253E9DEE00A76621 /* PageView.swift */,
				DF61A4C2253E9E2500A76621 /* PageControl.swift */,
				DF61A4C5253E9E4300A76621 /* PageViewController.swift */,
			);
			path = PageView;
			sourceTree = "<group>";
		};
		DF61A4CF253EA11C00A76621 /* Data */ = {
			isa = PBXGroup;
			children = (
				DF61A4D0253EA12F00A76621 /* Kingfishers.swift */,
			);
			path = Data;
			sourceTree = "<group>";
		};
		DF61A4EA253EA9B300A76621 /* Frameworks */ = {
			isa = PBXGroup;
			children = (
				DF61A4EB253EA9B300A76621 /* WidgetKit.framework */,
				DF61A4ED253EA9B300A76621 /* SwiftUI.framework */,
			);
			name = Frameworks;
			sourceTree = "<group>";
		};
		DF61A4EF253EA9B400A76621 /* PhotoPreviewer */ = {
			isa = PBXGroup;
			children = (
				DF61A4F0253EA9B400A76621 /* PhotoPreviewer.swift */,
				DF61A4F3253EA9B500A76621 /* Assets.xcassets */,
				DF61A4F5253EA9B500A76621 /* Info.plist */,
				DFF3FE6B254EF1790034B6C1 /* PhotoSelection.intentdefinition */,
			);
			path = PhotoPreviewer;
			sourceTree = "<group>";
		};
/* End PBXGroup section */

/* Begin PBXNativeTarget section */
		DF61A4A9253E9BB800A76621 /* PhotoViewer */ = {
			isa = PBXNativeTarget;
			buildConfigurationList = DF61A4B9253E9BBA00A76621 /* Build configuration list for PBXNativeTarget "PhotoViewer" */;
			buildPhases = (
				DF61A4A6253E9BB800A76621 /* Sources */,
				DF61A4A7253E9BB800A76621 /* Frameworks */,
				DF61A4A8253E9BB800A76621 /* Resources */,
				DF61A4FE253EA9B500A76621 /* Embed App Extensions */,
			);
			buildRules = (
			);
			dependencies = (
				DF61A4F9253EA9B500A76621 /* PBXTargetDependency */,
			);
			name = PhotoViewer;
			productName = PhotoViewer;
			productReference = DF61A4AA253E9BB800A76621 /* PhotoViewer.app */;
			productType = "com.apple.product-type.application";
		};
		DF61A4E8253EA9B300A76621 /* PhotoPreviewerExtension */ = {
			isa = PBXNativeTarget;
			buildConfigurationList = DF61A4FB253EA9B500A76621 /* Build configuration list for PBXNativeTarget "PhotoPreviewerExtension" */;
			buildPhases = (
				DF61A4E5253EA9B300A76621 /* Sources */,
				DF61A4E6253EA9B300A76621 /* Frameworks */,
				DF61A4E7253EA9B300A76621 /* Resources */,
			);
			buildRules = (
			);
			dependencies = (
			);
			name = PhotoPreviewerExtension;
			productName = PhotoPreviewerExtension;
			productReference = DF61A4E9253EA9B300A76621 /* PhotoPreviewerExtension.appex */;
			productType = "com.apple.product-type.app-extension";
		};
/* End PBXNativeTarget section */

/* Begin PBXProject section */
		DF61A4A2253E9BB800A76621 /* Project object */ = {
			isa = PBXProject;
			attributes = {
				LastSwiftUpdateCheck = 1200;
				LastUpgradeCheck = 1200;
				TargetAttributes = {
					DF61A4A9253E9BB800A76621 = {
						CreatedOnToolsVersion = 12.0.1;
					};
					DF61A4E8253EA9B300A76621 = {
						CreatedOnToolsVersion = 12.0.1;
					};
				};
			};
			buildConfigurationList = DF61A4A5253E9BB800A76621 /* Build configuration list for PBXProject "PhotoViewer" */;
			compatibilityVersion = "Xcode 9.3";
			developmentRegion = en;
			hasScannedForEncodings = 0;
			knownRegions = (
				en,
				Base,
			);
			mainGroup = DF61A4A1253E9BB800A76621;
			productRefGroup = DF61A4AB253E9BB800A76621 /* Products */;
			projectDirPath = "";
			projectRoot = "";
			targets = (
				DF61A4A9253E9BB800A76621 /* PhotoViewer */,
				DF61A4E8253EA9B300A76621 /* PhotoPreviewerExtension */,
			);
		};
/* End PBXProject section */

/* Begin PBXResourcesBuildPhase section */
		DF61A4A8253E9BB800A76621 /* Resources */ = {
			isa = PBXResourcesBuildPhase;
			buildActionMask = 2147483647;
			files = (
				DF61A4B5253E9BBA00A76621 /* Preview Assets.xcassets in Resources */,
				DF61A4B2253E9BBA00A76621 /* Assets.xcassets in Resources */,
			);
			runOnlyForDeploymentPostprocessing = 0;
		};
		DF61A4E7253EA9B300A76621 /* Resources */ = {
			isa = PBXResourcesBuildPhase;
			buildActionMask = 2147483647;
			files = (
				DF61A4F4253EA9B500A76621 /* Assets.xcassets in Resources */,
			);
			runOnlyForDeploymentPostprocessing = 0;
		};
/* End PBXResourcesBuildPhase section */

/* Begin PBXSourcesBuildPhase section */
		DF61A4A6253E9BB800A76621 /* Sources */ = {
			isa = PBXSourcesBuildPhase;
			buildActionMask = 2147483647;
			files = (
				DF61A4D1253EA12F00A76621 /* Kingfishers.swift in Sources */,
				DF61A4B0253E9BB800A76621 /* ContentView.swift in Sources */,
				DF61A50E253EAC0F00A76621 /* URLImageView.swift in Sources */,
				DF61A4C6253E9E4300A76621 /* PageViewController.swift in Sources */,
				DF61A4BF253E9DEE00A76621 /* PageView.swift in Sources */,
				DF61A4CA253E9ECC00A76621 /* PhotoView.swift in Sources */,
				DF61A4C3253E9E2500A76621 /* PageControl.swift in Sources */,
				DF61A4AE253E9BB800A76621 /* PhotoViewerApp.swift in Sources */,
			);
			runOnlyForDeploymentPostprocessing = 0;
		};
		DF61A4E5253EA9B300A76621 /* Sources */ = {
			isa = PBXSourcesBuildPhase;
			buildActionMask = 2147483647;
			files = (
				DFF3FE79254F7D8C0034B6C1 /* PhotoSelection.intentdefinition in Sources */,
				DF61A511253EAC1700A76621 /* URLImageView.swift in Sources */,
				DF61A507253EABE800A76621 /* PageControl.swift in Sources */,
				DF61A4F1253EA9B400A76621 /* PhotoPreviewer.swift in Sources */,
				DF61A501253EAB7900A76621 /* PageView.swift in Sources */,
				DF61A50A253EABEA00A76621 /* PageViewController.swift in Sources */,
				DF61A514253EAC2100A76621 /* Kingfishers.swift in Sources */,
				DFF95210254EE26900A082D6 /* PhotoView.swift in Sources */,
			);
			runOnlyForDeploymentPostprocessing = 0;
		};
/* End PBXSourcesBuildPhase section */

/* Begin PBXTargetDependency section */
		DF61A4F9253EA9B500A76621 /* PBXTargetDependency */ = {
			isa = PBXTargetDependency;
			target = DF61A4E8253EA9B300A76621 /* PhotoPreviewerExtension */;
			targetProxy = DF61A4F8253EA9B500A76621 /* PBXContainerItemProxy */;
		};
/* End PBXTargetDependency section */

/* Begin XCBuildConfiguration section */
		DF61A4B7253E9BBA00A76621 /* Debug */ = {
			isa = XCBuildConfiguration;
			buildSettings = {
				ALWAYS_SEARCH_USER_PATHS = NO;
				CLANG_ANALYZER_NONNULL = YES;
				CLANG_ANALYZER_NUMBER_OBJECT_CONVERSION = YES_AGGRESSIVE;
				CLANG_CXX_LANGUAGE_STANDARD = "gnu++14";
				CLANG_CXX_LIBRARY = "libc++";
				CLANG_ENABLE_MODULES = YES;
				CLANG_ENABLE_OBJC_ARC = YES;
				CLANG_ENABLE_OBJC_WEAK = YES;
				CLANG_WARN_BLOCK_CAPTURE_AUTORELEASING = YES;
				CLANG_WARN_BOOL_CONVERSION = YES;
				CLANG_WARN_COMMA = YES;
				CLANG_WARN_CONSTANT_CONVERSION = YES;
				CLANG_WARN_DEPRECATED_OBJC_IMPLEMENTATIONS = YES;
				CLANG_WARN_DIRECT_OBJC_ISA_USAGE = YES_ERROR;
				CLANG_WARN_DOCUMENTATION_COMMENTS = YES;
				CLANG_WARN_EMPTY_BODY = YES;
				CLANG_WARN_ENUM_CONVERSION = YES;
				CLANG_WARN_INFINITE_RECURSION = YES;
				CLANG_WARN_INT_CONVERSION = YES;
				CLANG_WARN_NON_LITERAL_NULL_CONVERSION = YES;
				CLANG_WARN_OBJC_IMPLICIT_RETAIN_SELF = YES;
				CLANG_WARN_OBJC_LITERAL_CONVERSION = YES;
				CLANG_WARN_OBJC_ROOT_CLASS = YES_ERROR;
				CLANG_WARN_QUOTED_INCLUDE_IN_FRAMEWORK_HEADER = YES;
				CLANG_WARN_RANGE_LOOP_ANALYSIS = YES;
				CLANG_WARN_STRICT_PROTOTYPES = YES;
				CLANG_WARN_SUSPICIOUS_MOVE = YES;
				CLANG_WARN_UNGUARDED_AVAILABILITY = YES_AGGRESSIVE;
				CLANG_WARN_UNREACHABLE_CODE = YES;
				CLANG_WARN__DUPLICATE_METHOD_MATCH = YES;
				COPY_PHASE_STRIP = NO;
				DEBUG_INFORMATION_FORMAT = dwarf;
				ENABLE_STRICT_OBJC_MSGSEND = YES;
				ENABLE_TESTABILITY = YES;
				GCC_C_LANGUAGE_STANDARD = gnu11;
				GCC_DYNAMIC_NO_PIC = NO;
				GCC_NO_COMMON_BLOCKS = YES;
				GCC_OPTIMIZATION_LEVEL = 0;
				GCC_PREPROCESSOR_DEFINITIONS = (
					"DEBUG=1",
					"$(inherited)",
				);
				GCC_WARN_64_TO_32_BIT_CONVERSION = YES;
				GCC_WARN_ABOUT_RETURN_TYPE = YES_ERROR;
				GCC_WARN_UNDECLARED_SELECTOR = YES;
				GCC_WARN_UNINITIALIZED_AUTOS = YES_AGGRESSIVE;
				GCC_WARN_UNUSED_FUNCTION = YES;
				GCC_WARN_UNUSED_VARIABLE = YES;
				IPHONEOS_DEPLOYMENT_TARGET = 14.0;
				MTL_ENABLE_DEBUG_INFO = INCLUDE_SOURCE;
				MTL_FAST_MATH = YES;
				ONLY_ACTIVE_ARCH = YES;
				SDKROOT = iphoneos;
				SWIFT_ACTIVE_COMPILATION_CONDITIONS = DEBUG;
				SWIFT_OPTIMIZATION_LEVEL = "-Onone";
			};
			name = Debug;
		};
		DF61A4B8253E9BBA00A76621 /* Release */ = {
			isa = XCBuildConfiguration;
			buildSettings = {
				ALWAYS_SEARCH_USER_PATHS = NO;
				CLANG_ANALYZER_NONNULL = YES;
				CLANG_ANALYZER_NUMBER_OBJECT_CONVERSION = YES_AGGRESSIVE;
				CLANG_CXX_LANGUAGE_STANDARD = "gnu++14";
				CLANG_CXX_LIBRARY = "libc++";
				CLANG_ENABLE_MODULES = YES;
				CLANG_ENABLE_OBJC_ARC = YES;
				CLANG_ENABLE_OBJC_WEAK = YES;
				CLANG_WARN_BLOCK_CAPTURE_AUTORELEASING = YES;
				CLANG_WARN_BOOL_CONVERSION = YES;
				CLANG_WARN_COMMA = YES;
				CLANG_WARN_CONSTANT_CONVERSION = YES;
				CLANG_WARN_DEPRECATED_OBJC_IMPLEMENTATIONS = YES;
				CLANG_WARN_DIRECT_OBJC_ISA_USAGE = YES_ERROR;
				CLANG_WARN_DOCUMENTATION_COMMENTS = YES;
				CLANG_WARN_EMPTY_BODY = YES;
				CLANG_WARN_ENUM_CONVERSION = YES;
				CLANG_WARN_INFINITE_RECURSION = YES;
				CLANG_WARN_INT_CONVERSION = YES;
				CLANG_WARN_NON_LITERAL_NULL_CONVERSION = YES;
				CLANG_WARN_OBJC_IMPLICIT_RETAIN_SELF = YES;
				CLANG_WARN_OBJC_LITERAL_CONVERSION = YES;
				CLANG_WARN_OBJC_ROOT_CLASS = YES_ERROR;
				CLANG_WARN_QUOTED_INCLUDE_IN_FRAMEWORK_HEADER = YES;
				CLANG_WARN_RANGE_LOOP_ANALYSIS = YES;
				CLANG_WARN_STRICT_PROTOTYPES = YES;
				CLANG_WARN_SUSPICIOUS_MOVE = YES;
				CLANG_WARN_UNGUARDED_AVAILABILITY = YES_AGGRESSIVE;
				CLANG_WARN_UNREACHABLE_CODE = YES;
				CLANG_WARN__DUPLICATE_METHOD_MATCH = YES;
				COPY_PHASE_STRIP = NO;
				DEBUG_INFORMATION_FORMAT = "dwarf-with-dsym";
				ENABLE_NS_ASSERTIONS = NO;
				ENABLE_STRICT_OBJC_MSGSEND = YES;
				GCC_C_LANGUAGE_STANDARD = gnu11;
				GCC_NO_COMMON_BLOCKS = YES;
				GCC_WARN_64_TO_32_BIT_CONVERSION = YES;
				GCC_WARN_ABOUT_RETURN_TYPE = YES_ERROR;
				GCC_WARN_UNDECLARED_SELECTOR = YES;
				GCC_WARN_UNINITIALIZED_AUTOS = YES_AGGRESSIVE;
				GCC_WARN_UNUSED_FUNCTION = YES;
				GCC_WARN_UNUSED_VARIABLE = YES;
				IPHONEOS_DEPLOYMENT_TARGET = 14.0;
				MTL_ENABLE_DEBUG_INFO = NO;
				MTL_FAST_MATH = YES;
				SDKROOT = iphoneos;
				SWIFT_COMPILATION_MODE = wholemodule;
				SWIFT_OPTIMIZATION_LEVEL = "-O";
				VALIDATE_PRODUCT = YES;
			};
			name = Release;
		};
		DF61A4BA253E9BBA00A76621 /* Debug */ = {
			isa = XCBuildConfiguration;
			buildSettings = {
				ALWAYS_EMBED_SWIFT_STANDARD_LIBRARIES = YES;
				ASSETCATALOG_COMPILER_APPICON_NAME = AppIcon;
				ASSETCATALOG_COMPILER_GLOBAL_ACCENT_COLOR_NAME = AccentColor;
				CODE_SIGN_ENTITLEMENTS = PhotoViewer/PhotoViewer.entitlements;
				CODE_SIGN_IDENTITY = "iPhone Developer";
				CODE_SIGN_STYLE = Manual;
				DEVELOPMENT_ASSET_PATHS = "\"PhotoViewer/Preview Content\"";
				DEVELOPMENT_TEAM = AF2T6TGAP8;
				ENABLE_PREVIEWS = YES;
				INFOPLIST_FILE = PhotoViewer/Info.plist;
				IPHONEOS_DEPLOYMENT_TARGET = 14.0;
				LD_RUNPATH_SEARCH_PATHS = (
					"$(inherited)",
					"@executable_path/Frameworks",
				);
				PRODUCT_BUNDLE_IDENTIFIER = xiong.ju.photos;
				PRODUCT_NAME = "$(TARGET_NAME)";
				PROVISIONING_PROFILE_SPECIFIER = PhotosViewer;
				SWIFT_VERSION = 5.0;
				TARGETED_DEVICE_FAMILY = "1,2";
			};
			name = Debug;
		};
		DF61A4BB253E9BBA00A76621 /* Release */ = {
			isa = XCBuildConfiguration;
			buildSettings = {
				ALWAYS_EMBED_SWIFT_STANDARD_LIBRARIES = YES;
				ASSETCATALOG_COMPILER_APPICON_NAME = AppIcon;
				ASSETCATALOG_COMPILER_GLOBAL_ACCENT_COLOR_NAME = AccentColor;
				CODE_SIGN_ENTITLEMENTS = PhotoViewer/PhotoViewer.entitlements;
				CODE_SIGN_IDENTITY = "iPhone Developer";
				CODE_SIGN_STYLE = Manual;
				DEVELOPMENT_ASSET_PATHS = "\"PhotoViewer/Preview Content\"";
				DEVELOPMENT_TEAM = AF2T6TGAP8;
				ENABLE_PREVIEWS = YES;
				INFOPLIST_FILE = PhotoViewer/Info.plist;
				IPHONEOS_DEPLOYMENT_TARGET = 14.0;
				LD_RUNPATH_SEARCH_PATHS = (
					"$(inherited)",
					"@executable_path/Frameworks",
				);
				PRODUCT_BUNDLE_IDENTIFIER = xiong.ju.photos;
				PRODUCT_NAME = "$(TARGET_NAME)";
				PROVISIONING_PROFILE_SPECIFIER = PhotosViewer;
				SWIFT_VERSION = 5.0;
				TARGETED_DEVICE_FAMILY = "1,2";
			};
			name = Release;
		};
		DF61A4FC253EA9B500A76621 /* Debug */ = {
			isa = XCBuildConfiguration;
			buildSettings = {
				ASSETCATALOG_COMPILER_GLOBAL_ACCENT_COLOR_NAME = AccentColor;
				ASSETCATALOG_COMPILER_WIDGET_BACKGROUND_COLOR_NAME = WidgetBackground;
				CODE_SIGN_ENTITLEMENTS = PhotoPreviewerExtension.entitlements;
				CODE_SIGN_IDENTITY = "iPhone Developer";
				CODE_SIGN_STYLE = Manual;
				DEVELOPMENT_TEAM = AF2T6TGAP8;
				INFOPLIST_FILE = PhotoPreviewer/Info.plist;
				LD_RUNPATH_SEARCH_PATHS = (
					"$(inherited)",
					"@executable_path/Frameworks",
					"@executable_path/../../Frameworks",
				);
				PRODUCT_BUNDLE_IDENTIFIER = xiong.ju.photos.previewer;
				PRODUCT_NAME = "$(TARGET_NAME)";
				PROVISIONING_PROFILE_SPECIFIER = "widget for demo";
				SKIP_INSTALL = YES;
				SWIFT_VERSION = 5.0;
				TARGETED_DEVICE_FAMILY = "1,2";
			};
			name = Debug;
		};
		DF61A4FD253EA9B500A76621 /* Release */ = {
			isa = XCBuildConfiguration;
			buildSettings = {
				ASSETCATALOG_COMPILER_GLOBAL_ACCENT_COLOR_NAME = AccentColor;
				ASSETCATALOG_COMPILER_WIDGET_BACKGROUND_COLOR_NAME = WidgetBackground;
				CODE_SIGN_ENTITLEMENTS = PhotoPreviewerExtension.entitlements;
				CODE_SIGN_IDENTITY = "iPhone Developer";
				CODE_SIGN_STYLE = Manual;
				DEVELOPMENT_TEAM = AF2T6TGAP8;
				INFOPLIST_FILE = PhotoPreviewer/Info.plist;
				LD_RUNPATH_SEARCH_PATHS = (
					"$(inherited)",
					"@executable_path/Frameworks",
					"@executable_path/../../Frameworks",
				);
				PRODUCT_BUNDLE_IDENTIFIER = xiong.ju.photos.previewer;
				PRODUCT_NAME = "$(TARGET_NAME)";
				PROVISIONING_PROFILE_SPECIFIER = "widget for demo";
				SKIP_INSTALL = YES;
				SWIFT_VERSION = 5.0;
				TARGETED_DEVICE_FAMILY = "1,2";
			};
			name = Release;
		};
/* End XCBuildConfiguration section */

/* Begin XCConfigurationList section */
		DF61A4A5253E9BB800A76621 /* Build configuration list for PBXProject "PhotoViewer" */ = {
			isa = XCConfigurationList;
			buildConfigurations = (
				DF61A4B7253E9BBA00A76621 /* Debug */,
				DF61A4B8253E9BBA00A76621 /* Release */,
			);
			defaultConfigurationIsVisible = 0;
			defaultConfigurationName = Release;
		};
		DF61A4B9253E9BBA00A76621 /* Build configuration list for PBXNativeTarget "PhotoViewer" */ = {
			isa = XCConfigurationList;
			buildConfigurations = (
				DF61A4BA253E9BBA00A76621 /* Debug */,
				DF61A4BB253E9BBA00A76621 /* Release */,
			);
			defaultConfigurationIsVisible = 0;
			defaultConfigurationName = Release;
		};
		DF61A4FB253EA9B500A76621 /* Build configuration list for PBXNativeTarget "PhotoPreviewerExtension" */ = {
			isa = XCConfigurationList;
			buildConfigurations = (
				DF61A4FC253EA9B500A76621 /* Debug */,
				DF61A4FD253EA9B500A76621 /* Release */,
			);
			defaultConfigurationIsVisible = 0;
			defaultConfigurationName = Release;
		};
/* End XCConfigurationList section */
	};
	rootObject = DF61A4A2253E9BB800A76621 /* Project object */;
}
