// !$*UTF8*$!
{
	archiveVersion = 1;
	classes = {
	};
	objectVersion = 50;
	objects = {

/* Begin PBXBuildFile section */
		DF838D09253D2EB700766B80 /* AppDelegate.swift in Sources */ = {isa = PBXBuildFile; fileRef = DF838D08253D2EB700766B80 /* AppDelegate.swift */; };
		DF838D0B253D2EB700766B80 /* SceneDelegate.swift in Sources */ = {isa = PBXBuildFile; fileRef = DF838D0A253D2EB700766B80 /* SceneDelegate.swift */; };
		DF838D0D253D2EB700766B80 /* HomeViewController.swift in Sources */ = {isa = PBXBuildFile; fileRef = DF838D0C253D2EB700766B80 /* HomeViewController.swift */; };
		DF838D10253D2EB700766B80 /* Home.storyboard in Resources */ = {isa = PBXBuildFile; fileRef = DF838D0E253D2EB700766B80 /* Home.storyboard */; };
		DF838D12253D2EB900766B80 /* Assets.xcassets in Resources */ = {isa = PBXBuildFile; fileRef = DF838D11253D2EB900766B80 /* Assets.xcassets */; };
		DF838D15253D2EB900766B80 /* LaunchScreen.storyboard in Resources */ = {isa = PBXBuildFile; fileRef = DF838D13253D2EB900766B80 /* LaunchScreen.storyboard */; };
		DF838D24253D526A00766B80 /* ButtonViewController.swift in Sources */ = {isa = PBXBuildFile; fileRef = DF838D23253D526A00766B80 /* ButtonViewController.swift */; };
		DF838D28253D527A00766B80 /* Button.storyboard in Resources */ = {isa = PBXBuildFile; fileRef = DF838D27253D527A00766B80 /* Button.storyboard */; };
		DF838D2D253D562F00766B80 /* BarButtonItemViewController.swift in Sources */ = {isa = PBXBuildFile; fileRef = DF838D2C253D562F00766B80 /* BarButtonItemViewController.swift */; };
		DF838D31253D563900766B80 /* BarButtonItem.storyboard in Resources */ = {isa = PBXBuildFile; fileRef = DF838D30253D563900766B80 /* BarButtonItem.storyboard */; };
/* End PBXBuildFile section */

/* Begin PBXFileReference section */
		DF838D05253D2EB700766B80 /* iOS14UICatelog.app */ = {isa = PBXFileReference; explicitFileType = wrapper.application; includeInIndex = 0; path = iOS14UICatelog.app; sourceTree = BUILT_PRODUCTS_DIR; };
		DF838D08253D2EB700766B80 /* AppDelegate.swift */ = {isa = PBXFileReference; lastKnownFileType = sourcecode.swift; path = AppDelegate.swift; sourceTree = "<group>"; };
		DF838D0A253D2EB700766B80 /* SceneDelegate.swift */ = {isa = PBXFileReference; lastKnownFileType = sourcecode.swift; path = SceneDelegate.swift; sourceTree = "<group>"; };
		DF838D0C253D2EB700766B80 /* HomeViewController.swift */ = {isa = PBXFileReference; lastKnownFileType = sourcecode.swift; path = HomeViewController.swift; sourceTree = "<group>"; };
		DF838D0F253D2EB700766B80 /* Base */ = {isa = PBXFileReference; lastKnownFileType = file.storyboard; name = Base; path = Base.lproj/Home.storyboard; sourceTree = "<group>"; };
		DF838D11253D2EB900766B80 /* Assets.xcassets */ = {isa = PBXFileReference; lastKnownFileType = folder.assetcatalog; path = Assets.xcassets; sourceTree = "<group>"; };
		DF838D14253D2EB900766B80 /* Base */ = {isa = PBXFileReference; lastKnownFileType = file.storyboard; name = Base; path = Base.lproj/LaunchScreen.storyboard; sourceTree = "<group>"; };
		DF838D16253D2EB900766B80 /* Info.plist */ = {isa = PBXFileReference; lastKnownFileType = text.plist.xml; path = Info.plist; sourceTree = "<group>"; };
		DF838D23253D526A00766B80 /* ButtonViewController.swift */ = {isa = PBXFileReference; lastKnownFileType = sourcecode.swift; path = ButtonViewController.swift; sourceTree = "<group>"; };
		DF838D27253D527A00766B80 /* Button.storyboard */ = {isa = PBXFileReference; lastKnownFileType = file.storyboard; path = Button.storyboard; sourceTree = "<group>"; };
		DF838D2C253D562F00766B80 /* BarButtonItemViewController.swift */ = {isa = PBXFileReference; lastKnownFileType = sourcecode.swift; path = BarButtonItemViewController.swift; sourceTree = "<group>"; };
		DF838D30253D563900766B80 /* BarButtonItem.storyboard */ = {isa = PBXFileReference; lastKnownFileType = file.storyboard; path = BarButtonItem.storyboard; sourceTree = "<group>"; };
/* End PBXFileReference section */

/* Begin PBXFrameworksBuildPhase section */
		DF838D02253D2EB700766B80 /* Frameworks */ = {
			isa = PBXFrameworksBuildPhase;
			buildActionMask = 2147483647;
			files = (
			);
			runOnlyForDeploymentPostprocessing = 0;
		};
/* End PBXFrameworksBuildPhase section */

/* Begin PBXGroup section */
		DF838CFC253D2EB700766B80 = {
			isa = PBXGroup;
			children = (
				DF838D07253D2EB700766B80 /* iOS14UICatelog */,
				DF838D06253D2EB700766B80 /* Products */,
			);
			sourceTree = "<group>";
		};
		DF838D06253D2EB700766B80 /* Products */ = {
			isa = PBXGroup;
			children = (
				DF838D05253D2EB700766B80 /* iOS14UICatelog.app */,
			);
			name = Products;
			sourceTree = "<group>";
		};
		DF838D07253D2EB700766B80 /* iOS14UICatelog */ = {
			isa = PBXGroup;
			children = (
				DF838D2B253D561500766B80 /* UIBarButtonItem+Menu */,
				DF838D22253D524900766B80 /* UIButton+Menu */,
				DF838D08253D2EB700766B80 /* AppDelegate.swift */,
				DF838D0A253D2EB700766B80 /* SceneDelegate.swift */,
				DF838D0C253D2EB700766B80 /* HomeViewController.swift */,
				DF838D0E253D2EB700766B80 /* Home.storyboard */,
				DF838D11253D2EB900766B80 /* Assets.xcassets */,
				DF838D13253D2EB900766B80 /* LaunchScreen.storyboard */,
				DF838D16253D2EB900766B80 /* Info.plist */,
			);
			path = iOS14UICatelog;
			sourceTree = "<group>";
		};
		DF838D22253D524900766B80 /* UIButton+Menu */ = {
			isa = PBXGroup;
			children = (
				DF838D23253D526A00766B80 /* ButtonViewController.swift */,
				DF838D27253D527A00766B80 /* Button.storyboard */,
			);
			path = "UIButton+Menu";
			sourceTree = "<group>";
		};
		DF838D2B253D561500766B80 /* UIBarButtonItem+Menu */ = {
			isa = PBXGroup;
			children = (
				DF838D2C253D562F00766B80 /* BarButtonItemViewController.swift */,
				DF838D30253D563900766B80 /* BarButtonItem.storyboard */,
			);
			path = "UIBarButtonItem+Menu";
			sourceTree = "<group>";
		};
/* End PBXGroup section */

/* Begin PBXNativeTarget section */
		DF838D04253D2EB700766B80 /* iOS14UICatelog */ = {
			isa = PBXNativeTarget;
			buildConfigurationList = DF838D19253D2EB900766B80 /* Build configuration list for PBXNativeTarget "iOS14UICatelog" */;
			buildPhases = (
				DF838D01253D2EB700766B80 /* Sources */,
				DF838D02253D2EB700766B80 /* Frameworks */,
				DF838D03253D2EB700766B80 /* Resources */,
			);
			buildRules = (
			);
			dependencies = (
			);
			name = iOS14UICatelog;
			productName = iOS14UICatelog;
			productReference = DF838D05253D2EB700766B80 /* iOS14UICatelog.app */;
			productType = "com.apple.product-type.application";
		};
/* End PBXNativeTarget section */

/* Begin PBXProject section */
		DF838CFD253D2EB700766B80 /* Project object */ = {
			isa = PBXProject;
			attributes = {
				LastSwiftUpdateCheck = 1200;
				LastUpgradeCheck = 1200;
				TargetAttributes = {
					DF838D04253D2EB700766B80 = {
						CreatedOnToolsVersion = 12.0.1;
					};
				};
			};
			buildConfigurationList = DF838D00253D2EB700766B80 /* Build configuration list for PBXProject "iOS14UICatelog" */;
			compatibilityVersion = "Xcode 9.3";
			developmentRegion = en;
			hasScannedForEncodings = 0;
			knownRegions = (
				en,
				Base,
			);
			mainGroup = DF838CFC253D2EB700766B80;
			productRefGroup = DF838D06253D2EB700766B80 /* Products */;
			projectDirPath = "";
			projectRoot = "";
			targets = (
				DF838D04253D2EB700766B80 /* iOS14UICatelog */,
			);
		};
/* End PBXProject section */

/* Begin PBXResourcesBuildPhase section */
		DF838D03253D2EB700766B80 /* Resources */ = {
			isa = PBXResourcesBuildPhase;
			buildActionMask = 2147483647;
			files = (
				DF838D31253D563900766B80 /* BarButtonItem.storyboard in Resources */,
				DF838D28253D527A00766B80 /* Button.storyboard in Resources */,
				DF838D15253D2EB900766B80 /* LaunchScreen.storyboard in Resources */,
				DF838D12253D2EB900766B80 /* Assets.xcassets in Resources */,
				DF838D10253D2EB700766B80 /* Home.storyboard in Resources */,
			);
			runOnlyForDeploymentPostprocessing = 0;
		};
/* End PBXResourcesBuildPhase section */

/* Begin PBXSourcesBuildPhase section */
		DF838D01253D2EB700766B80 /* Sources */ = {
			isa = PBXSourcesBuildPhase;
			buildActionMask = 2147483647;
			files = (
				DF838D2D253D562F00766B80 /* BarButtonItemViewController.swift in Sources */,
				DF838D24253D526A00766B80 /* ButtonViewController.swift in Sources */,
				DF838D0D253D2EB700766B80 /* HomeViewController.swift in Sources */,
				DF838D09253D2EB700766B80 /* AppDelegate.swift in Sources */,
				DF838D0B253D2EB700766B80 /* SceneDelegate.swift in Sources */,
			);
			runOnlyForDeploymentPostprocessing = 0;
		};
/* End PBXSourcesBuildPhase section */

/* Begin PBXVariantGroup section */
		DF838D0E253D2EB700766B80 /* Home.storyboard */ = {
			isa = PBXVariantGroup;
			children = (
				DF838D0F253D2EB700766B80 /* Base */,
			);
			name = Home.storyboard;
			sourceTree = "<group>";
		};
		DF838D13253D2EB900766B80 /* LaunchScreen.storyboard */ = {
			isa = PBXVariantGroup;
			children = (
				DF838D14253D2EB900766B80 /* Base */,
			);
			name = LaunchScreen.storyboard;
			sourceTree = "<group>";
		};
/* End PBXVariantGroup section */

/* Begin XCBuildConfiguration section */
		DF838D17253D2EB900766B80 /* Debug */ = {
			isa = XCBuildConfiguration;
			buildSettings = {
				ALWAYS_SEARCH_USER_PATHS = NO;
				CLANG_ANALYZER_NONNULL = YES;
				CLANG_ANALYZER_NUMBER_OBJECT_CONVERSION = YES_AGGRESSIVE;
				CLANG_CXX_LANGUAGE_STANDARD = "gnu++14";
				CLANG_CXX_LIBRARY = "libc++";
				CLANG_ENABLE_MODULES = YES;
				CLANG_ENABLE_OBJC_ARC = YES;
				CLANG_ENABLE_OBJC_WEAK = YES;
				CLANG_WARN_BLOCK_CAPTURE_AUTORELEASING = YES;
				CLANG_WARN_BOOL_CONVERSION = YES;
				CLANG_WARN_COMMA = YES;
				CLANG_WARN_CONSTANT_CONVERSION = YES;
				CLANG_WARN_DEPRECATED_OBJC_IMPLEMENTATIONS = YES;
				CLANG_WARN_DIRECT_OBJC_ISA_USAGE = YES_ERROR;
				CLANG_WARN_DOCUMENTATION_COMMENTS = YES;
				CLANG_WARN_EMPTY_BODY = YES;
				CLANG_WARN_ENUM_CONVERSION = YES;
				CLANG_WARN_INFINITE_RECURSION = YES;
				CLANG_WARN_INT_CONVERSION = YES;
				CLANG_WARN_NON_LITERAL_NULL_CONVERSION = YES;
				CLANG_WARN_OBJC_IMPLICIT_RETAIN_SELF = YES;
				CLANG_WARN_OBJC_LITERAL_CONVERSION = YES;
				CLANG_WARN_OBJC_ROOT_CLASS = YES_ERROR;
				CLANG_WARN_QUOTED_INCLUDE_IN_FRAMEWORK_HEADER = YES;
				CLANG_WARN_RANGE_LOOP_ANALYSIS = YES;
				CLANG_WARN_STRICT_PROTOTYPES = YES;
				CLANG_WARN_SUSPICIOUS_MOVE = YES;
				CLANG_WARN_UNGUARDED_AVAILABILITY = YES_AGGRESSIVE;
				CLANG_WARN_UNREACHABLE_CODE = YES;
				CLANG_WARN__DUPLICATE_METHOD_MATCH = YES;
				COPY_PHASE_STRIP = NO;
				DEBUG_INFORMATION_FORMAT = dwarf;
				ENABLE_STRICT_OBJC_MSGSEND = YES;
				ENABLE_TESTABILITY = YES;
				GCC_C_LANGUAGE_STANDARD = gnu11;
				GCC_DYNAMIC_NO_PIC = NO;
				GCC_NO_COMMON_BLOCKS = YES;
				GCC_OPTIMIZATION_LEVEL = 0;
				GCC_PREPROCESSOR_DEFINITIONS = (
					"DEBUG=1",
					"$(inherited)",
				);
				GCC_WARN_64_TO_32_BIT_CONVERSION = YES;
				GCC_WARN_ABOUT_RETURN_TYPE = YES_ERROR;
				GCC_WARN_UNDECLARED_SELECTOR = YES;
				GCC_WARN_UNINITIALIZED_AUTOS = YES_AGGRESSIVE;
				GCC_WARN_UNUSED_FUNCTION = YES;
				GCC_WARN_UNUSED_VARIABLE = YES;
				IPHONEOS_DEPLOYMENT_TARGET = 14.0;
				MTL_ENABLE_DEBUG_INFO = INCLUDE_SOURCE;
				MTL_FAST_MATH = YES;
				ONLY_ACTIVE_ARCH = YES;
				SDKROOT = iphoneos;
				SWIFT_ACTIVE_COMPILATION_CONDITIONS = DEBUG;
				SWIFT_OPTIMIZATION_LEVEL = "-Onone";
			};
			name = Debug;
		};
		DF838D18253D2EB900766B80 /* Release */ = {
			isa = XCBuildConfiguration;
			buildSettings = {
				ALWAYS_SEARCH_USER_PATHS = NO;
				CLANG_ANALYZER_NONNULL = YES;
				CLANG_ANALYZER_NUMBER_OBJECT_CONVERSION = YES_AGGRESSIVE;
				CLANG_CXX_LANGUAGE_STANDARD = "gnu++14";
				CLANG_CXX_LIBRARY = "libc++";
				CLANG_ENABLE_MODULES = YES;
				CLANG_ENABLE_OBJC_ARC = YES;
				CLANG_ENABLE_OBJC_WEAK = YES;
				CLANG_WARN_BLOCK_CAPTURE_AUTORELEASING = YES;
				CLANG_WARN_BOOL_CONVERSION = YES;
				CLANG_WARN_COMMA = YES;
				CLANG_WARN_CONSTANT_CONVERSION = YES;
				CLANG_WARN_DEPRECATED_OBJC_IMPLEMENTATIONS = YES;
				CLANG_WARN_DIRECT_OBJC_ISA_USAGE = YES_ERROR;
				CLANG_WARN_DOCUMENTATION_COMMENTS = YES;
				CLANG_WARN_EMPTY_BODY = YES;
				CLANG_WARN_ENUM_CONVERSION = YES;
				CLANG_WARN_INFINITE_RECURSION = YES;
				CLANG_WARN_INT_CONVERSION = YES;
				CLANG_WARN_NON_LITERAL_NULL_CONVERSION = YES;
				CLANG_WARN_OBJC_IMPLICIT_RETAIN_SELF = YES;
				CLANG_WARN_OBJC_LITERAL_CONVERSION = YES;
				CLANG_WARN_OBJC_ROOT_CLASS = YES_ERROR;
				CLANG_WARN_QUOTED_INCLUDE_IN_FRAMEWORK_HEADER = YES;
				CLANG_WARN_RANGE_LOOP_ANALYSIS = YES;
				CLANG_WARN_STRICT_PROTOTYPES = YES;
				CLANG_WARN_SUSPICIOUS_MOVE = YES;
				CLANG_WARN_UNGUARDED_AVAILABILITY = YES_AGGRESSIVE;
				CLANG_WARN_UNREACHABLE_CODE = YES;
				CLANG_WARN__DUPLICATE_METHOD_MATCH = YES;
				COPY_PHASE_STRIP = NO;
				DEBUG_INFORMATION_FORMAT = "dwarf-with-dsym";
				ENABLE_NS_ASSERTIONS = NO;
				ENABLE_STRICT_OBJC_MSGSEND = YES;
				GCC_C_LANGUAGE_STANDARD = gnu11;
				GCC_NO_COMMON_BLOCKS = YES;
				GCC_WARN_64_TO_32_BIT_CONVERSION = YES;
				GCC_WARN_ABOUT_RETURN_TYPE = YES_ERROR;
				GCC_WARN_UNDECLARED_SELECTOR = YES;
				GCC_WARN_UNINITIALIZED_AUTOS = YES_AGGRESSIVE;
				GCC_WARN_UNUSED_FUNCTION = YES;
				GCC_WARN_UNUSED_VARIABLE = YES;
				IPHONEOS_DEPLOYMENT_TARGET = 14.0;
				MTL_ENABLE_DEBUG_INFO = NO;
				MTL_FAST_MATH = YES;
				SDKROOT = iphoneos;
				SWIFT_COMPILATION_MODE = wholemodule;
				SWIFT_OPTIMIZATION_LEVEL = "-O";
				VALIDATE_PRODUCT = YES;
			};
			name = Release;
		};
		DF838D1A253D2EB900766B80 /* Debug */ = {
			isa = XCBuildConfiguration;
			buildSettings = {
				ASSETCATALOG_COMPILER_APPICON_NAME = AppIcon;
				ASSETCATALOG_COMPILER_GLOBAL_ACCENT_COLOR_NAME = AccentColor;
				CODE_SIGN_IDENTITY = "iPhone Developer";
				CODE_SIGN_STYLE = Manual;
				DEVELOPMENT_TEAM = 375AJZ9MFR;
				INFOPLIST_FILE = iOS14UICatelog/Info.plist;
				LD_RUNPATH_SEARCH_PATHS = (
					"$(inherited)",
					"@executable_path/Frameworks",
				);
				PRODUCT_BUNDLE_IDENTIFIER = com.xiong.iOS14UICatelog;
				PRODUCT_NAME = "$(TARGET_NAME)";
				PROVISIONING_PROFILE_SPECIFIER = WildCardDevTLBTEC;
				SWIFT_VERSION = 5.0;
				TARGETED_DEVICE_FAMILY = "1,2";
			};
			name = Debug;
		};
		DF838D1B253D2EB900766B80 /* Release */ = {
			isa = XCBuildConfiguration;
			buildSettings = {
				ASSETCATALOG_COMPILER_APPICON_NAME = AppIcon;
				ASSETCATALOG_COMPILER_GLOBAL_ACCENT_COLOR_NAME = AccentColor;
				CODE_SIGN_IDENTITY = "iPhone Developer";
				CODE_SIGN_STYLE = Manual;
				DEVELOPMENT_TEAM = 375AJZ9MFR;
				INFOPLIST_FILE = iOS14UICatelog/Info.plist;
				LD_RUNPATH_SEARCH_PATHS = (
					"$(inherited)",
					"@executable_path/Frameworks",
				);
				PRODUCT_BUNDLE_IDENTIFIER = com.xiong.iOS14UICatelog;
				PRODUCT_NAME = "$(TARGET_NAME)";
				PROVISIONING_PROFILE_SPECIFIER = WildCardDevTLBTEC;
				SWIFT_VERSION = 5.0;
				TARGETED_DEVICE_FAMILY = "1,2";
			};
			name = Release;
		};
/* End XCBuildConfiguration section */

/* Begin XCConfigurationList section */
		DF838D00253D2EB700766B80 /* Build configuration list for PBXProject "iOS14UICatelog" */ = {
			isa = XCConfigurationList;
			buildConfigurations = (
				DF838D17253D2EB900766B80 /* Debug */,
				DF838D18253D2EB900766B80 /* Release */,
			);
			defaultConfigurationIsVisible = 0;
			defaultConfigurationName = Release;
		};
		DF838D19253D2EB900766B80 /* Build configuration list for PBXNativeTarget "iOS14UICatelog" */ = {
			isa = XCConfigurationList;
			buildConfigurations = (
				DF838D1A253D2EB900766B80 /* Debug */,
				DF838D1B253D2EB900766B80 /* Release */,
			);
			defaultConfigurationIsVisible = 0;
			defaultConfigurationName = Release;
		};
/* End XCConfigurationList section */
	};
	rootObject = DF838CFD253D2EB700766B80 /* Project object */;
}
